
Microsoft Visual Studio Solution File, Format Version 12.00
# Visual Studio Version 17
VisualStudioVersion = 17.0.32014.148
MinimumVisualStudioVersion = 10.0.40219.1
Project("{FAE04EC0-301F-11D3-BF4B-00C04F79EFBC}") = "Is_73_even_or_odd", "Is_73_even_or_odd\Is_73_even_or_odd.csproj", "{C5978B82-CDD2-4422-8AF4-5AE2702B52B7}"
EndProject
Project("{FAE04EC0-301F-11D3-BF4B-00C04F79EFBC}") = "The_number_can_be_divided_by_4_or_not", "The_number_can_be_divided_by_4_or_not\The_number_can_be_divided_by_4_or_not.csproj", "{20982248-8195-46CC-9050-89D2D04A26B3}"
EndProject
Project("{FAE04EC0-301F-11D3-BF4B-00C04F79EFBC}") = "Sum_Multiplication_Division", "Sum_Multiplication_Division\Sum_Multiplication_Division.csproj", "{C3EB4E3C-4D6A-48FF-9151-A2BAC35E53DC}"
EndProject
Project("{FAE04EC0-301F-11D3-BF4B-00C04F79EFBC}") = "OddNumbersBetween1-50", "OddNumbersBetween1-50\OddNumbersBetween1-50.csproj", "{CE5F65D6-62DD-46B3-BAFC-D8F59ED3E469}"
EndProject
Project("{FAE04EC0-301F-11D3-BF4B-00C04F79EFBC}") = "Numbers_divided_by_3and5_between_1and50", "Numbers_divided_by_3and5_between_1and50\Numbers_divided_by_3and5_between_1and50.csproj", "{2EA311B0-C584-4BE1-9982-20D86855F6B4}"
EndProject
Global
	GlobalSection(SolutionConfigurationPlatforms) = preSolution
		Debug|Any CPU = Debug|Any CPU
		Release|Any CPU = Release|Any CPU
	EndGlobalSection
	GlobalSection(ProjectConfigurationPlatforms) = postSolution
		{C5978B82-CDD2-4422-8AF4-5AE2702B52B7}.Debug|Any CPU.ActiveCfg = Debug|Any CPU
		{C5978B82-CDD2-4422-8AF4-5AE2702B52B7}.Debug|Any CPU.Build.0 = Debug|Any CPU
		{C5978B82-CDD2-4422-8AF4-5AE2702B52B7}.Release|Any CPU.ActiveCfg = Release|Any CPU
		{C5978B82-CDD2-4422-8AF4-5AE2702B52B7}.Release|Any CPU.Build.0 = Release|Any CPU
		{20982248-8195-46CC-9050-89D2D04A26B3}.Debug|Any CPU.ActiveCfg = Debug|Any CPU
		{20982248-8195-46CC-9050-89D2D04A26B3}.Debug|Any CPU.Build.0 = Debug|Any CPU
		{20982248-8195-46CC-9050-89D2D04A26B3}.Release|Any CPU.ActiveCfg = Release|Any CPU
		{20982248-8195-46CC-9050-89D2D04A26B3}.Release|Any CPU.Build.0 = Release|Any CPU
		{C3EB4E3C-4D6A-48FF-9151-A2BAC35E53DC}.Debug|Any CPU.ActiveCfg = Debug|Any CPU
		{C3EB4E3C-4D6A-48FF-9151-A2BAC35E53DC}.Debug|Any CPU.Build.0 = Debug|Any CPU
		{C3EB4E3C-4D6A-48FF-9151-A2BAC35E53DC}.Release|Any CPU.ActiveCfg = Release|Any CPU
		{C3EB4E3C-4D6A-48FF-9151-A2BAC35E53DC}.Release|Any CPU.Build.0 = Release|Any CPU
		{CE5F65D6-62DD-46B3-BAFC-D8F59ED3E469}.Debug|Any CPU.ActiveCfg = Debug|Any CPU
		{CE5F65D6-62DD-46B3-BAFC-D8F59ED3E469}.Debug|Any CPU.Build.0 = Debug|Any CPU
		{CE5F65D6-62DD-46B3-BAFC-D8F59ED3E469}.Release|Any CPU.ActiveCfg = Release|Any CPU
		{CE5F65D6-62DD-46B3-BAFC-D8F59ED3E469}.Release|Any CPU.Build.0 = Release|Any CPU
		{2EA311B0-C584-4BE1-9982-20D86855F6B4}.Debug|Any CPU.ActiveCfg = Debug|Any CPU
		{2EA311B0-C584-4BE1-9982-20D86855F6B4}.Debug|Any CPU.Build.0 = Debug|Any CPU
		{2EA311B0-C584-4BE1-9982-20D86855F6B4}.Release|Any CPU.ActiveCfg = Release|Any CPU
		{2EA311B0-C584-4BE1-9982-20D86855F6B4}.Release|Any CPU.Build.0 = Release|Any CPU
	EndGlobalSection
	GlobalSection(SolutionProperties) = preSolution
		HideSolutionNode = FALSE
	EndGlobalSection
	GlobalSection(ExtensibilityGlobals) = postSolution
		SolutionGuid = {E80B09F2-6004-4D87-B3A9-C819CFC1544F}
	EndGlobalSection
EndGlobal
